<Solution>
  <Project Path="ReceiptPrinter.CLI/ReceiptPrinter.CLI.csproj" />
  <Project Path="ReceiptPrinter.Contracts/ReceiptPrinter.Contracts.csproj" />
  <Project Path="ReceiptPrinter.Network/ReceiptPrinter.Network.csproj" />
  <Project Path="ReceiptPrinter.Serial/ReceiptPrinter.Serial.csproj" />
  <Project Path="ReceiptPrinter.Service/ReceiptPrinter.Service.csproj" />
</Solution>
